{
  "pins" : [
    {
      "identity" : "meshgradient",
      "kind" : "remoteSourceControl",
      "location" : "https://github.com/rogerioth/MeshGradient.git",
      "state" : {
        "revision" : "6497aed1898ecc1f24a6ace6537c13bd86221a08",
        "version" : "1.0.8"
      }
    },
    {
      "identity" : "randomcolorswift",
      "kind" : "remoteSourceControl",
      "location" : "https://github.com/rogerioth/RandomColorSwift.git",
      "state" : {
        "revision" : "ab01c6eff99f40c5e23ffcb957eb3971f937f106",
        "version" : "2.0.1"
      }
    }
  ],
  "version" : 2
}
